
Microsoft Visual Studio Solution File, Format Version 12.00
# Visual Studio 2013
VisualStudioVersion = 12.0.21005.1
MinimumVisualStudioVersion = 10.0.40219.1
Project("{FAE04EC0-301F-11D3-BF4B-00C04F79EFBC}") = "Buoi2", "Buoi2\Buoi2.csproj", "{6192F553-6CB7-4AA4-8A38-2DE0827900FD}"
EndProject
Project("{FAE04EC0-301F-11D3-BF4B-00C04F79EFBC}") = "ClassLibrary1", "ClassLibrary1\ClassLibrary1.csproj", "{51FE301C-0813-4AC6-9B5A-07B839D79B5C}"
EndProject
Global
	GlobalSection(SolutionConfigurationPlatforms) = preSolution
		Debug|Any CPU = Debug|Any CPU
		Release|Any CPU = Release|Any CPU
	EndGlobalSection
	GlobalSection(ProjectConfigurationPlatforms) = postSolution
		{6192F553-6CB7-4AA4-8A38-2DE0827900FD}.Debug|Any CPU.ActiveCfg = Debug|Any CPU
		{6192F553-6CB7-4AA4-8A38-2DE0827900FD}.Debug|Any CPU.Build.0 = Debug|Any CPU
		{6192F553-6CB7-4AA4-8A38-2DE0827900FD}.Release|Any CPU.ActiveCfg = Release|Any CPU
		{6192F553-6CB7-4AA4-8A38-2DE0827900FD}.Release|Any CPU.Build.0 = Release|Any CPU
		{51FE301C-0813-4AC6-9B5A-07B839D79B5C}.Debug|Any CPU.ActiveCfg = Debug|Any CPU
		{51FE301C-0813-4AC6-9B5A-07B839D79B5C}.Debug|Any CPU.Build.0 = Debug|Any CPU
		{51FE301C-0813-4AC6-9B5A-07B839D79B5C}.Release|Any CPU.ActiveCfg = Release|Any CPU
		{51FE301C-0813-4AC6-9B5A-07B839D79B5C}.Release|Any CPU.Build.0 = Release|Any CPU
	EndGlobalSection
	GlobalSection(SolutionProperties) = preSolution
		HideSolutionNode = FALSE
	EndGlobalSection
EndGlobal
